// !$*UTF8*$!
{
	archiveVersion = 1;
	classes = {
	};
	objectVersion = 77;
	objects = {

/* Begin PBXBuildFile section */
		22BEE7FB2D73FE41002F94E3 /* AuthViewModel.swift in Sources */ = {isa = PBXBuildFile; fileRef = 22BEE7FA2D73FE41002F94E3 /* AuthViewModel.swift */; };
		22BEE8012D740389002F94E3 /* MockLoginService.swift in Sources */ = {isa = PBXBuildFile; fileRef = 22BEE8002D740389002F94E3 /* MockLoginService.swift */; };
		22BEE8032D7403F8002F94E3 /* AuthModel.swift in Sources */ = {isa = PBXBuildFile; fileRef = 22BEE8022D7403F8002F94E3 /* AuthModel.swift */; };
		22BEE8052D740A95002F94E3 /* MockData.swift in Sources */ = {isa = PBXBuildFile; fileRef = 22BEE8042D740A95002F94E3 /* MockData.swift */; };
		22BEE80C2D7444E5002F94E3 /* AuthViewModelTest.swift in Sources */ = {isa = PBXBuildFile; fileRef = 22BEE8082D7444E5002F94E3 /* AuthViewModelTest.swift */; };
		22BEE80D2D7444E5002F94E3 /* BankAccountTest.swift in Sources */ = {isa = PBXBuildFile; fileRef = 22BEE8092D7444E5002F94E3 /* BankAccountTest.swift */; };
		22BEE80E2D7444E5002F94E3 /* FileManageViewModelTest.swift in Sources */ = {isa = PBXBuildFile; fileRef = 22BEE80A2D7444E5002F94E3 /* FileManageViewModelTest.swift */; };
		22BEE8102D74469E002F94E3 /* FileManageViewModel.swift in Sources */ = {isa = PBXBuildFile; fileRef = 22BEE80F2D74469E002F94E3 /* FileManageViewModel.swift */; };
		22BEE8122D744785002F94E3 /* DownloadService.swift in Sources */ = {isa = PBXBuildFile; fileRef = 22BEE8112D744785002F94E3 /* DownloadService.swift */; };
		22BEE8142D74486A002F94E3 /* FileModel.swift in Sources */ = {isa = PBXBuildFile; fileRef = 22BEE8132D74486A002F94E3 /* FileModel.swift */; };
		22BEE8162D744ED9002F94E3 /* FileService.swift in Sources */ = {isa = PBXBuildFile; fileRef = 22BEE8152D744ED9002F94E3 /* FileService.swift */; };
		22BEE8182D7450DF002F94E3 /* MockFileService.swift in Sources */ = {isa = PBXBuildFile; fileRef = 22BEE8172D7450DF002F94E3 /* MockFileService.swift */; };
		22BEE8222D745658002F94E3 /* MockDownloadService.swift in Sources */ = {isa = PBXBuildFile; fileRef = 22BEE8212D745658002F94E3 /* MockDownloadService.swift */; };
		22CDD1CD2D72549800D2759F /* CodeTestForIViewApp.swift in Sources */ = {isa = PBXBuildFile; fileRef = 22CDD1CA2D72549800D2759F /* CodeTestForIViewApp.swift */; };
		22CDD1CE2D72549800D2759F /* ContentView.swift in Sources */ = {isa = PBXBuildFile; fileRef = 22CDD1CB2D72549800D2759F /* ContentView.swift */; };
		22CDD1CF2D72549800D2759F /* Preview Assets.xcassets in Resources */ = {isa = PBXBuildFile; fileRef = 22CDD1C72D72549800D2759F /* Preview Assets.xcassets */; };
		22CDD1D02D72549800D2759F /* Assets.xcassets in Resources */ = {isa = PBXBuildFile; fileRef = 22CDD1C92D72549800D2759F /* Assets.xcassets */; };
		22CDD1D32D7257C900D2759F /* BankAccount.swift in Sources */ = {isa = PBXBuildFile; fileRef = 22CDD1D22D7257C900D2759F /* BankAccount.swift */; };
		22D14F852D76E4C2005E042B /* ApiClient.swift in Sources */ = {isa = PBXBuildFile; fileRef = 22D14F842D76E4C2005E042B /* ApiClient.swift */; };
		22D14F872D76E4F2005E042B /* BaseResponse.swift in Sources */ = {isa = PBXBuildFile; fileRef = 22D14F862D76E4F2005E042B /* BaseResponse.swift */; };
		22D14F892D76E515005E042B /* LoginService.swift in Sources */ = {isa = PBXBuildFile; fileRef = 22D14F882D76E515005E042B /* LoginService.swift */; };
/* End PBXBuildFile section */

/* Begin PBXContainerItemProxy section */
		22CDD1AB2D72545C00D2759F /* PBXContainerItemProxy */ = {
			isa = PBXContainerItemProxy;
			containerPortal = 22CDD1922D72545B00D2759F /* Project object */;
			proxyType = 1;
			remoteGlobalIDString = 22CDD1992D72545B00D2759F;
			remoteInfo = CodeTestForIView;
		};
		22CDD1B52D72545C00D2759F /* PBXContainerItemProxy */ = {
			isa = PBXContainerItemProxy;
			containerPortal = 22CDD1922D72545B00D2759F /* Project object */;
			proxyType = 1;
			remoteGlobalIDString = 22CDD1992D72545B00D2759F;
			remoteInfo = CodeTestForIView;
		};
/* End PBXContainerItemProxy section */

/* Begin PBXFileReference section */
		22BEE7FA2D73FE41002F94E3 /* AuthViewModel.swift */ = {isa = PBXFileReference; lastKnownFileType = sourcecode.swift; path = AuthViewModel.swift; sourceTree = "<group>"; };
		22BEE8002D740389002F94E3 /* MockLoginService.swift */ = {isa = PBXFileReference; lastKnownFileType = sourcecode.swift; path = MockLoginService.swift; sourceTree = "<group>"; };
		22BEE8022D7403F8002F94E3 /* AuthModel.swift */ = {isa = PBXFileReference; lastKnownFileType = sourcecode.swift; path = AuthModel.swift; sourceTree = "<group>"; };
		22BEE8042D740A95002F94E3 /* MockData.swift */ = {isa = PBXFileReference; lastKnownFileType = sourcecode.swift; path = MockData.swift; sourceTree = "<group>"; };
		22BEE8082D7444E5002F94E3 /* AuthViewModelTest.swift */ = {isa = PBXFileReference; lastKnownFileType = sourcecode.swift; path = AuthViewModelTest.swift; sourceTree = "<group>"; };
		22BEE8092D7444E5002F94E3 /* BankAccountTest.swift */ = {isa = PBXFileReference; lastKnownFileType = sourcecode.swift; path = BankAccountTest.swift; sourceTree = "<group>"; };
		22BEE80A2D7444E5002F94E3 /* FileManageViewModelTest.swift */ = {isa = PBXFileReference; lastKnownFileType = sourcecode.swift; path = FileManageViewModelTest.swift; sourceTree = "<group>"; };
		22BEE80F2D74469E002F94E3 /* FileManageViewModel.swift */ = {isa = PBXFileReference; lastKnownFileType = sourcecode.swift; path = FileManageViewModel.swift; sourceTree = "<group>"; };
		22BEE8112D744785002F94E3 /* DownloadService.swift */ = {isa = PBXFileReference; lastKnownFileType = sourcecode.swift; path = DownloadService.swift; sourceTree = "<group>"; };
		22BEE8132D74486A002F94E3 /* FileModel.swift */ = {isa = PBXFileReference; lastKnownFileType = sourcecode.swift; path = FileModel.swift; sourceTree = "<group>"; };
		22BEE8152D744ED9002F94E3 /* FileService.swift */ = {isa = PBXFileReference; lastKnownFileType = sourcecode.swift; path = FileService.swift; sourceTree = "<group>"; };
		22BEE8172D7450DF002F94E3 /* MockFileService.swift */ = {isa = PBXFileReference; lastKnownFileType = sourcecode.swift; path = MockFileService.swift; sourceTree = "<group>"; };
		22BEE8212D745658002F94E3 /* MockDownloadService.swift */ = {isa = PBXFileReference; lastKnownFileType = sourcecode.swift; path = MockDownloadService.swift; sourceTree = "<group>"; };
		22CDD19A2D72545B00D2759F /* CodeTestForIView.app */ = {isa = PBXFileReference; explicitFileType = wrapper.application; includeInIndex = 0; path = CodeTestForIView.app; sourceTree = BUILT_PRODUCTS_DIR; };
		22CDD1AA2D72545C00D2759F /* CodeTestForIViewTests.xctest */ = {isa = PBXFileReference; explicitFileType = wrapper.cfbundle; includeInIndex = 0; path = CodeTestForIViewTests.xctest; sourceTree = BUILT_PRODUCTS_DIR; };
		22CDD1B42D72545C00D2759F /* CodeTestForIViewUITests.xctest */ = {isa = PBXFileReference; explicitFileType = wrapper.cfbundle; includeInIndex = 0; path = CodeTestForIViewUITests.xctest; sourceTree = BUILT_PRODUCTS_DIR; };
		22CDD1C72D72549800D2759F /* Preview Assets.xcassets */ = {isa = PBXFileReference; lastKnownFileType = folder.assetcatalog; path = "Preview Assets.xcassets"; sourceTree = "<group>"; };
		22CDD1C92D72549800D2759F /* Assets.xcassets */ = {isa = PBXFileReference; lastKnownFileType = folder.assetcatalog; path = Assets.xcassets; sourceTree = "<group>"; };
		22CDD1CA2D72549800D2759F /* CodeTestForIViewApp.swift */ = {isa = PBXFileReference; lastKnownFileType = sourcecode.swift; path = CodeTestForIViewApp.swift; sourceTree = "<group>"; };
		22CDD1CB2D72549800D2759F /* ContentView.swift */ = {isa = PBXFileReference; lastKnownFileType = sourcecode.swift; path = ContentView.swift; sourceTree = "<group>"; };
		22CDD1D22D7257C900D2759F /* BankAccount.swift */ = {isa = PBXFileReference; lastKnownFileType = sourcecode.swift; path = BankAccount.swift; sourceTree = "<group>"; };
		22D14F842D76E4C2005E042B /* ApiClient.swift */ = {isa = PBXFileReference; lastKnownFileType = sourcecode.swift; path = ApiClient.swift; sourceTree = "<group>"; };
		22D14F862D76E4F2005E042B /* BaseResponse.swift */ = {isa = PBXFileReference; lastKnownFileType = sourcecode.swift; path = BaseResponse.swift; sourceTree = "<group>"; };
		22D14F882D76E515005E042B /* LoginService.swift */ = {isa = PBXFileReference; lastKnownFileType = sourcecode.swift; path = LoginService.swift; sourceTree = "<group>"; };
/* End PBXFileReference section */

/* Begin PBXFileSystemSynchronizedRootGroup section */
		22CDD1B72D72545C00D2759F /* CodeTestForIViewUITests */ = {
			isa = PBXFileSystemSynchronizedRootGroup;
			path = CodeTestForIViewUITests;
			sourceTree = "<group>";
		};
/* End PBXFileSystemSynchronizedRootGroup section */

/* Begin PBXFrameworksBuildPhase section */
		22CDD1972D72545B00D2759F /* Frameworks */ = {
			isa = PBXFrameworksBuildPhase;
			buildActionMask = 2147483647;
			files = (
			);
			runOnlyForDeploymentPostprocessing = 0;
		};
		22CDD1A72D72545C00D2759F /* Frameworks */ = {
			isa = PBXFrameworksBuildPhase;
			buildActionMask = 2147483647;
			files = (
			);
			runOnlyForDeploymentPostprocessing = 0;
		};
		22CDD1B12D72545C00D2759F /* Frameworks */ = {
			isa = PBXFrameworksBuildPhase;
			buildActionMask = 2147483647;
			files = (
			);
			runOnlyForDeploymentPostprocessing = 0;
		};
/* End PBXFrameworksBuildPhase section */

/* Begin PBXGroup section */
		22BC20742D753147004927CD /* Core */ = {
			isa = PBXGroup;
			children = (
				22BC20752D753165004927CD /* Network */,
			);
			path = Core;
			sourceTree = "<group>";
		};
		22BC20752D753165004927CD /* Network */ = {
			isa = PBXGroup;
			children = (
				22D14F862D76E4F2005E042B /* BaseResponse.swift */,
				22D14F842D76E4C2005E042B /* ApiClient.swift */,
			);
			path = Network;
			sourceTree = "<group>";
		};
		22BEE7FC2D740291002F94E3 /* Services */ = {
			isa = PBXGroup;
			children = (
				22D14F882D76E515005E042B /* LoginService.swift */,
				22BEE8112D744785002F94E3 /* DownloadService.swift */,
				22BEE8152D744ED9002F94E3 /* FileService.swift */,
			);
			path = Services;
			sourceTree = "<group>";
		};
		22BEE7FF2D74036F002F94E3 /* Mock */ = {
			isa = PBXGroup;
			children = (
				22BEE8042D740A95002F94E3 /* MockData.swift */,
				22BEE8002D740389002F94E3 /* MockLoginService.swift */,
				22BEE8172D7450DF002F94E3 /* MockFileService.swift */,
				22BEE8212D745658002F94E3 /* MockDownloadService.swift */,
			);
			path = Mock;
			sourceTree = "<group>";
		};
		22BEE80B2D7444E5002F94E3 /* CodeTestForIViewTests */ = {
			isa = PBXGroup;
			children = (
				22BEE8082D7444E5002F94E3 /* AuthViewModelTest.swift */,
				22BEE80A2D7444E5002F94E3 /* FileManageViewModelTest.swift */,
				22BEE8092D7444E5002F94E3 /* BankAccountTest.swift */,
			);
			path = CodeTestForIViewTests;
			sourceTree = "<group>";
		};
		22CDD1912D72545B00D2759F = {
			isa = PBXGroup;
			children = (
				22CDD1CC2D72549800D2759F /* CodeTestForIView */,
				22BEE80B2D7444E5002F94E3 /* CodeTestForIViewTests */,
				22CDD1B72D72545C00D2759F /* CodeTestForIViewUITests */,
				22CDD19B2D72545B00D2759F /* Products */,
			);
			sourceTree = "<group>";
		};
		22CDD19B2D72545B00D2759F /* Products */ = {
			isa = PBXGroup;
			children = (
				22CDD19A2D72545B00D2759F /* CodeTestForIView.app */,
				22CDD1AA2D72545C00D2759F /* CodeTestForIViewTests.xctest */,
				22CDD1B42D72545C00D2759F /* CodeTestForIViewUITests.xctest */,
			);
			name = Products;
			sourceTree = "<group>";
		};
		22CDD1C82D72549800D2759F /* Preview Content */ = {
			isa = PBXGroup;
			children = (
				22CDD1C72D72549800D2759F /* Preview Assets.xcassets */,
			);
			path = "Preview Content";
			sourceTree = "<group>";
		};
		22CDD1CC2D72549800D2759F /* CodeTestForIView */ = {
			isa = PBXGroup;
			children = (
				22BEE7FF2D74036F002F94E3 /* Mock */,
				22BC20742D753147004927CD /* Core */,
				22CDD1D12D7257AC00D2759F /* Models */,
				22EFD0B12D726717001DF48C /* ViewModels */,
				22CDD1C82D72549800D2759F /* Preview Content */,
				22CDD1C92D72549800D2759F /* Assets.xcassets */,
				22CDD1CA2D72549800D2759F /* CodeTestForIViewApp.swift */,
				22CDD1CB2D72549800D2759F /* ContentView.swift */,
			);
			path = CodeTestForIView;
			sourceTree = "<group>";
		};
		22CDD1D12D7257AC00D2759F /* Models */ = {
			isa = PBXGroup;
			children = (
				22BEE7FC2D740291002F94E3 /* Services */,
				22CDD1D22D7257C900D2759F /* BankAccount.swift */,
				22BEE8022D7403F8002F94E3 /* AuthModel.swift */,
				22BEE8132D74486A002F94E3 /* FileModel.swift */,
			);
			path = Models;
			sourceTree = "<group>";
		};
		22EFD0B12D726717001DF48C /* ViewModels */ = {
			isa = PBXGroup;
			children = (
				22BEE7FA2D73FE41002F94E3 /* AuthViewModel.swift */,
				22BEE80F2D74469E002F94E3 /* FileManageViewModel.swift */,
			);
			path = ViewModels;
			sourceTree = "<group>";
		};
/* End PBXGroup section */

/* Begin PBXNativeTarget section */
		22CDD1992D72545B00D2759F /* CodeTestForIView */ = {
			isa = PBXNativeTarget;
			buildConfigurationList = 22CDD1BE2D72545C00D2759F /* Build configuration list for PBXNativeTarget "CodeTestForIView" */;
			buildPhases = (
				22CDD1962D72545B00D2759F /* Sources */,
				22CDD1972D72545B00D2759F /* Frameworks */,
				22CDD1982D72545B00D2759F /* Resources */,
			);
			buildRules = (
			);
			dependencies = (
			);
			name = CodeTestForIView;
			packageProductDependencies = (
			);
			productName = CodeTestForIView;
			productReference = 22CDD19A2D72545B00D2759F /* CodeTestForIView.app */;
			productType = "com.apple.product-type.application";
		};
		22CDD1A92D72545C00D2759F /* CodeTestForIViewTests */ = {
			isa = PBXNativeTarget;
			buildConfigurationList = 22CDD1C12D72545C00D2759F /* Build configuration list for PBXNativeTarget "CodeTestForIViewTests" */;
			buildPhases = (
				22CDD1A62D72545C00D2759F /* Sources */,
				22CDD1A72D72545C00D2759F /* Frameworks */,
				22CDD1A82D72545C00D2759F /* Resources */,
			);
			buildRules = (
			);
			dependencies = (
				22CDD1AC2D72545C00D2759F /* PBXTargetDependency */,
			);
			name = CodeTestForIViewTests;
			packageProductDependencies = (
			);
			productName = CodeTestForIViewTests;
			productReference = 22CDD1AA2D72545C00D2759F /* CodeTestForIViewTests.xctest */;
			productType = "com.apple.product-type.bundle.unit-test";
		};
		22CDD1B32D72545C00D2759F /* CodeTestForIViewUITests */ = {
			isa = PBXNativeTarget;
			buildConfigurationList = 22CDD1C42D72545C00D2759F /* Build configuration list for PBXNativeTarget "CodeTestForIViewUITests" */;
			buildPhases = (
				22CDD1B02D72545C00D2759F /* Sources */,
				22CDD1B12D72545C00D2759F /* Frameworks */,
				22CDD1B22D72545C00D2759F /* Resources */,
			);
			buildRules = (
			);
			dependencies = (
				22CDD1B62D72545C00D2759F /* PBXTargetDependency */,
			);
			fileSystemSynchronizedGroups = (
				22CDD1B72D72545C00D2759F /* CodeTestForIViewUITests */,
			);
			name = CodeTestForIViewUITests;
			packageProductDependencies = (
			);
			productName = CodeTestForIViewUITests;
			productReference = 22CDD1B42D72545C00D2759F /* CodeTestForIViewUITests.xctest */;
			productType = "com.apple.product-type.bundle.ui-testing";
		};
/* End PBXNativeTarget section */

/* Begin PBXProject section */
		22CDD1922D72545B00D2759F /* Project object */ = {
			isa = PBXProject;
			attributes = {
				BuildIndependentTargetsInParallel = 1;
				LastSwiftUpdateCheck = 1600;
				LastUpgradeCheck = 1600;
				TargetAttributes = {
					22CDD1992D72545B00D2759F = {
						CreatedOnToolsVersion = 16.0;
					};
					22CDD1A92D72545C00D2759F = {
						CreatedOnToolsVersion = 16.0;
						TestTargetID = 22CDD1992D72545B00D2759F;
					};
					22CDD1B32D72545C00D2759F = {
						CreatedOnToolsVersion = 16.0;
						TestTargetID = 22CDD1992D72545B00D2759F;
					};
				};
			};
			buildConfigurationList = 22CDD1952D72545B00D2759F /* Build configuration list for PBXProject "CodeTestForIView" */;
			developmentRegion = en;
			hasScannedForEncodings = 0;
			knownRegions = (
				en,
				Base,
			);
			mainGroup = 22CDD1912D72545B00D2759F;
			minimizedProjectReferenceProxies = 1;
			preferredProjectObjectVersion = 77;
			productRefGroup = 22CDD19B2D72545B00D2759F /* Products */;
			projectDirPath = "";
			projectRoot = "";
			targets = (
				22CDD1992D72545B00D2759F /* CodeTestForIView */,
				22CDD1A92D72545C00D2759F /* CodeTestForIViewTests */,
				22CDD1B32D72545C00D2759F /* CodeTestForIViewUITests */,
			);
		};
/* End PBXProject section */

/* Begin PBXResourcesBuildPhase section */
		22CDD1982D72545B00D2759F /* Resources */ = {
			isa = PBXResourcesBuildPhase;
			buildActionMask = 2147483647;
			files = (
				22CDD1CF2D72549800D2759F /* Preview Assets.xcassets in Resources */,
				22CDD1D02D72549800D2759F /* Assets.xcassets in Resources */,
			);
			runOnlyForDeploymentPostprocessing = 0;
		};
		22CDD1A82D72545C00D2759F /* Resources */ = {
			isa = PBXResourcesBuildPhase;
			buildActionMask = 2147483647;
			files = (
			);
			runOnlyForDeploymentPostprocessing = 0;
		};
		22CDD1B22D72545C00D2759F /* Resources */ = {
			isa = PBXResourcesBuildPhase;
			buildActionMask = 2147483647;
			files = (
			);
			runOnlyForDeploymentPostprocessing = 0;
		};
/* End PBXResourcesBuildPhase section */

/* Begin PBXSourcesBuildPhase section */
		22CDD1962D72545B00D2759F /* Sources */ = {
			isa = PBXSourcesBuildPhase;
			buildActionMask = 2147483647;
			files = (
				22BEE7FB2D73FE41002F94E3 /* AuthViewModel.swift in Sources */,
				22BEE8012D740389002F94E3 /* MockLoginService.swift in Sources */,
				22BEE8032D7403F8002F94E3 /* AuthModel.swift in Sources */,
				22CDD1CD2D72549800D2759F /* CodeTestForIViewApp.swift in Sources */,
				22BEE8162D744ED9002F94E3 /* FileService.swift in Sources */,
				22BEE8122D744785002F94E3 /* DownloadService.swift in Sources */,
				22D14F872D76E4F2005E042B /* BaseResponse.swift in Sources */,
				22D14F852D76E4C2005E042B /* ApiClient.swift in Sources */,
				22BEE8052D740A95002F94E3 /* MockData.swift in Sources */,
				22D14F892D76E515005E042B /* LoginService.swift in Sources */,
				22BEE8102D74469E002F94E3 /* FileManageViewModel.swift in Sources */,
				22BEE8182D7450DF002F94E3 /* MockFileService.swift in Sources */,
				22CDD1D32D7257C900D2759F /* BankAccount.swift in Sources */,
				22CDD1CE2D72549800D2759F /* ContentView.swift in Sources */,
				22BEE8142D74486A002F94E3 /* FileModel.swift in Sources */,
				22BEE8222D745658002F94E3 /* MockDownloadService.swift in Sources */,
			);
			runOnlyForDeploymentPostprocessing = 0;
		};
		22CDD1A62D72545C00D2759F /* Sources */ = {
			isa = PBXSourcesBuildPhase;
			buildActionMask = 2147483647;
			files = (
				22BEE80C2D7444E5002F94E3 /* AuthViewModelTest.swift in Sources */,
				22BEE80D2D7444E5002F94E3 /* BankAccountTest.swift in Sources */,
				22BEE80E2D7444E5002F94E3 /* FileManageViewModelTest.swift in Sources */,
			);
			runOnlyForDeploymentPostprocessing = 0;
		};
		22CDD1B02D72545C00D2759F /* Sources */ = {
			isa = PBXSourcesBuildPhase;
			buildActionMask = 2147483647;
			files = (
			);
			runOnlyForDeploymentPostprocessing = 0;
		};
/* End PBXSourcesBuildPhase section */

/* Begin PBXTargetDependency section */
		22CDD1AC2D72545C00D2759F /* PBXTargetDependency */ = {
			isa = PBXTargetDependency;
			target = 22CDD1992D72545B00D2759F /* CodeTestForIView */;
			targetProxy = 22CDD1AB2D72545C00D2759F /* PBXContainerItemProxy */;
		};
		22CDD1B62D72545C00D2759F /* PBXTargetDependency */ = {
			isa = PBXTargetDependency;
			target = 22CDD1992D72545B00D2759F /* CodeTestForIView */;
			targetProxy = 22CDD1B52D72545C00D2759F /* PBXContainerItemProxy */;
		};
/* End PBXTargetDependency section */

/* Begin XCBuildConfiguration section */
		22CDD1BC2D72545C00D2759F /* Debug */ = {
			isa = XCBuildConfiguration;
			buildSettings = {
				ALWAYS_SEARCH_USER_PATHS = NO;
				ASSETCATALOG_COMPILER_GENERATE_SWIFT_ASSET_SYMBOL_EXTENSIONS = YES;
				CLANG_ANALYZER_NONNULL = YES;
				CLANG_ANALYZER_NUMBER_OBJECT_CONVERSION = YES_AGGRESSIVE;
				CLANG_CXX_LANGUAGE_STANDARD = "gnu++20";
				CLANG_ENABLE_MODULES = YES;
				CLANG_ENABLE_OBJC_ARC = YES;
				CLANG_ENABLE_OBJC_WEAK = YES;
				CLANG_WARN_BLOCK_CAPTURE_AUTORELEASING = YES;
				CLANG_WARN_BOOL_CONVERSION = YES;
				CLANG_WARN_COMMA = YES;
				CLANG_WARN_CONSTANT_CONVERSION = YES;
				CLANG_WARN_DEPRECATED_OBJC_IMPLEMENTATIONS = YES;
				CLANG_WARN_DIRECT_OBJC_ISA_USAGE = YES_ERROR;
				CLANG_WARN_DOCUMENTATION_COMMENTS = YES;
				CLANG_WARN_EMPTY_BODY = YES;
				CLANG_WARN_ENUM_CONVERSION = YES;
				CLANG_WARN_INFINITE_RECURSION = YES;
				CLANG_WARN_INT_CONVERSION = YES;
				CLANG_WARN_NON_LITERAL_NULL_CONVERSION = YES;
				CLANG_WARN_OBJC_IMPLICIT_RETAIN_SELF = YES;
				CLANG_WARN_OBJC_LITERAL_CONVERSION = YES;
				CLANG_WARN_OBJC_ROOT_CLASS = YES_ERROR;
				CLANG_WARN_QUOTED_INCLUDE_IN_FRAMEWORK_HEADER = YES;
				CLANG_WARN_RANGE_LOOP_ANALYSIS = YES;
				CLANG_WARN_STRICT_PROTOTYPES = YES;
				CLANG_WARN_SUSPICIOUS_MOVE = YES;
				CLANG_WARN_UNGUARDED_AVAILABILITY = YES_AGGRESSIVE;
				CLANG_WARN_UNREACHABLE_CODE = YES;
				CLANG_WARN__DUPLICATE_METHOD_MATCH = YES;
				COPY_PHASE_STRIP = NO;
				DEBUG_INFORMATION_FORMAT = dwarf;
				ENABLE_STRICT_OBJC_MSGSEND = YES;
				ENABLE_TESTABILITY = YES;
				ENABLE_USER_SCRIPT_SANDBOXING = YES;
				GCC_C_LANGUAGE_STANDARD = gnu17;
				GCC_DYNAMIC_NO_PIC = NO;
				GCC_NO_COMMON_BLOCKS = YES;
				GCC_OPTIMIZATION_LEVEL = 0;
				GCC_PREPROCESSOR_DEFINITIONS = (
					"DEBUG=1",
					"$(inherited)",
				);
				GCC_WARN_64_TO_32_BIT_CONVERSION = YES;
				GCC_WARN_ABOUT_RETURN_TYPE = YES_ERROR;
				GCC_WARN_UNDECLARED_SELECTOR = YES;
				GCC_WARN_UNINITIALIZED_AUTOS = YES_AGGRESSIVE;
				GCC_WARN_UNUSED_FUNCTION = YES;
				GCC_WARN_UNUSED_VARIABLE = YES;
				IPHONEOS_DEPLOYMENT_TARGET = 18.0;
				LOCALIZATION_PREFERS_STRING_CATALOGS = YES;
				MTL_ENABLE_DEBUG_INFO = INCLUDE_SOURCE;
				MTL_FAST_MATH = YES;
				ONLY_ACTIVE_ARCH = YES;
				SDKROOT = iphoneos;
				SWIFT_ACTIVE_COMPILATION_CONDITIONS = "DEBUG $(inherited)";
				SWIFT_OPTIMIZATION_LEVEL = "-Onone";
			};
			name = Debug;
		};
		22CDD1BD2D72545C00D2759F /* Release */ = {
			isa = XCBuildConfiguration;
			buildSettings = {
				ALWAYS_SEARCH_USER_PATHS = NO;
				ASSETCATALOG_COMPILER_GENERATE_SWIFT_ASSET_SYMBOL_EXTENSIONS = YES;
				CLANG_ANALYZER_NONNULL = YES;
				CLANG_ANALYZER_NUMBER_OBJECT_CONVERSION = YES_AGGRESSIVE;
				CLANG_CXX_LANGUAGE_STANDARD = "gnu++20";
				CLANG_ENABLE_MODULES = YES;
				CLANG_ENABLE_OBJC_ARC = YES;
				CLANG_ENABLE_OBJC_WEAK = YES;
				CLANG_WARN_BLOCK_CAPTURE_AUTORELEASING = YES;
				CLANG_WARN_BOOL_CONVERSION = YES;
				CLANG_WARN_COMMA = YES;
				CLANG_WARN_CONSTANT_CONVERSION = YES;
				CLANG_WARN_DEPRECATED_OBJC_IMPLEMENTATIONS = YES;
				CLANG_WARN_DIRECT_OBJC_ISA_USAGE = YES_ERROR;
				CLANG_WARN_DOCUMENTATION_COMMENTS = YES;
				CLANG_WARN_EMPTY_BODY = YES;
				CLANG_WARN_ENUM_CONVERSION = YES;
				CLANG_WARN_INFINITE_RECURSION = YES;
				CLANG_WARN_INT_CONVERSION = YES;
				CLANG_WARN_NON_LITERAL_NULL_CONVERSION = YES;
				CLANG_WARN_OBJC_IMPLICIT_RETAIN_SELF = YES;
				CLANG_WARN_OBJC_LITERAL_CONVERSION = YES;
				CLANG_WARN_OBJC_ROOT_CLASS = YES_ERROR;
				CLANG_WARN_QUOTED_INCLUDE_IN_FRAMEWORK_HEADER = YES;
				CLANG_WARN_RANGE_LOOP_ANALYSIS = YES;
				CLANG_WARN_STRICT_PROTOTYPES = YES;
				CLANG_WARN_SUSPICIOUS_MOVE = YES;
				CLANG_WARN_UNGUARDED_AVAILABILITY = YES_AGGRESSIVE;
				CLANG_WARN_UNREACHABLE_CODE = YES;
				CLANG_WARN__DUPLICATE_METHOD_MATCH = YES;
				COPY_PHASE_STRIP = NO;
				DEBUG_INFORMATION_FORMAT = "dwarf-with-dsym";
				ENABLE_NS_ASSERTIONS = NO;
				ENABLE_STRICT_OBJC_MSGSEND = YES;
				ENABLE_USER_SCRIPT_SANDBOXING = YES;
				GCC_C_LANGUAGE_STANDARD = gnu17;
				GCC_NO_COMMON_BLOCKS = YES;
				GCC_WARN_64_TO_32_BIT_CONVERSION = YES;
				GCC_WARN_ABOUT_RETURN_TYPE = YES_ERROR;
				GCC_WARN_UNDECLARED_SELECTOR = YES;
				GCC_WARN_UNINITIALIZED_AUTOS = YES_AGGRESSIVE;
				GCC_WARN_UNUSED_FUNCTION = YES;
				GCC_WARN_UNUSED_VARIABLE = YES;
				IPHONEOS_DEPLOYMENT_TARGET = 18.0;
				LOCALIZATION_PREFERS_STRING_CATALOGS = YES;
				MTL_ENABLE_DEBUG_INFO = NO;
				MTL_FAST_MATH = YES;
				SDKROOT = iphoneos;
				SWIFT_COMPILATION_MODE = wholemodule;
				VALIDATE_PRODUCT = YES;
			};
			name = Release;
		};
		22CDD1BF2D72545C00D2759F /* Debug */ = {
			isa = XCBuildConfiguration;
			buildSettings = {
				ASSETCATALOG_COMPILER_APPICON_NAME = AppIcon;
				ASSETCATALOG_COMPILER_GLOBAL_ACCENT_COLOR_NAME = AccentColor;
				CODE_SIGN_STYLE = Automatic;
				CURRENT_PROJECT_VERSION = 1;
				DEVELOPMENT_ASSET_PATHS = "\"CodeTestForIView/Preview Content\"";
				DEVELOPMENT_TEAM = DXL5PNKGFP;
				ENABLE_PREVIEWS = YES;
				GENERATE_INFOPLIST_FILE = YES;
				INFOPLIST_KEY_UIApplicationSceneManifest_Generation = YES;
				INFOPLIST_KEY_UIApplicationSupportsIndirectInputEvents = YES;
				INFOPLIST_KEY_UILaunchScreen_Generation = YES;
				INFOPLIST_KEY_UISupportedInterfaceOrientations_iPad = "UIInterfaceOrientationPortrait UIInterfaceOrientationPortraitUpsideDown UIInterfaceOrientationLandscapeLeft UIInterfaceOrientationLandscapeRight";
				INFOPLIST_KEY_UISupportedInterfaceOrientations_iPhone = "UIInterfaceOrientationPortrait UIInterfaceOrientationLandscapeLeft UIInterfaceOrientationLandscapeRight";
				LD_RUNPATH_SEARCH_PATHS = (
					"$(inherited)",
					"@executable_path/Frameworks",
				);
				MARKETING_VERSION = 1.0;
				PRODUCT_BUNDLE_IDENTIFIER = au.com.matrixthoughts.CodeTestForIView;
				PRODUCT_NAME = "$(TARGET_NAME)";
				SWIFT_EMIT_LOC_STRINGS = YES;
				SWIFT_STRICT_CONCURRENCY = complete;
				SWIFT_VERSION = 5.0;
				TARGETED_DEVICE_FAMILY = "1,2";
			};
			name = Debug;
		};
		22CDD1C02D72545C00D2759F /* Release */ = {
			isa = XCBuildConfiguration;
			buildSettings = {
				ASSETCATALOG_COMPILER_APPICON_NAME = AppIcon;
				ASSETCATALOG_COMPILER_GLOBAL_ACCENT_COLOR_NAME = AccentColor;
				CODE_SIGN_STYLE = Automatic;
				CURRENT_PROJECT_VERSION = 1;
				DEVELOPMENT_ASSET_PATHS = "\"CodeTestForIView/Preview Content\"";
				DEVELOPMENT_TEAM = DXL5PNKGFP;
				ENABLE_PREVIEWS = YES;
				GENERATE_INFOPLIST_FILE = YES;
				INFOPLIST_KEY_UIApplicationSceneManifest_Generation = YES;
				INFOPLIST_KEY_UIApplicationSupportsIndirectInputEvents = YES;
				INFOPLIST_KEY_UILaunchScreen_Generation = YES;
				INFOPLIST_KEY_UISupportedInterfaceOrientations_iPad = "UIInterfaceOrientationPortrait UIInterfaceOrientationPortraitUpsideDown UIInterfaceOrientationLandscapeLeft UIInterfaceOrientationLandscapeRight";
				INFOPLIST_KEY_UISupportedInterfaceOrientations_iPhone = "UIInterfaceOrientationPortrait UIInterfaceOrientationLandscapeLeft UIInterfaceOrientationLandscapeRight";
				LD_RUNPATH_SEARCH_PATHS = (
					"$(inherited)",
					"@executable_path/Frameworks",
				);
				MARKETING_VERSION = 1.0;
				PRODUCT_BUNDLE_IDENTIFIER = au.com.matrixthoughts.CodeTestForIView;
				PRODUCT_NAME = "$(TARGET_NAME)";
				SWIFT_EMIT_LOC_STRINGS = YES;
				SWIFT_STRICT_CONCURRENCY = complete;
				SWIFT_VERSION = 5.0;
				TARGETED_DEVICE_FAMILY = "1,2";
			};
			name = Release;
		};
		22CDD1C22D72545C00D2759F /* Debug */ = {
			isa = XCBuildConfiguration;
			buildSettings = {
				BUNDLE_LOADER = "$(TEST_HOST)";
				CODE_SIGN_STYLE = Automatic;
				CURRENT_PROJECT_VERSION = 1;
				DEVELOPMENT_TEAM = DXL5PNKGFP;
				GENERATE_INFOPLIST_FILE = YES;
				IPHONEOS_DEPLOYMENT_TARGET = 18.0;
				MARKETING_VERSION = 1.0;
				PRODUCT_BUNDLE_IDENTIFIER = au.com.matrixthoughts.CodeTestForIViewTests;
				PRODUCT_NAME = "$(TARGET_NAME)";
				SWIFT_EMIT_LOC_STRINGS = NO;
				SWIFT_VERSION = 5.0;
				TARGETED_DEVICE_FAMILY = "1,2";
				TEST_HOST = "$(BUILT_PRODUCTS_DIR)/CodeTestForIView.app/$(BUNDLE_EXECUTABLE_FOLDER_PATH)/CodeTestForIView";
			};
			name = Debug;
		};
		22CDD1C32D72545C00D2759F /* Release */ = {
			isa = XCBuildConfiguration;
			buildSettings = {
				BUNDLE_LOADER = "$(TEST_HOST)";
				CODE_SIGN_STYLE = Automatic;
				CURRENT_PROJECT_VERSION = 1;
				DEVELOPMENT_TEAM = DXL5PNKGFP;
				GENERATE_INFOPLIST_FILE = YES;
				IPHONEOS_DEPLOYMENT_TARGET = 18.0;
				MARKETING_VERSION = 1.0;
				PRODUCT_BUNDLE_IDENTIFIER = au.com.matrixthoughts.CodeTestForIViewTests;
				PRODUCT_NAME = "$(TARGET_NAME)";
				SWIFT_EMIT_LOC_STRINGS = NO;
				SWIFT_VERSION = 5.0;
				TARGETED_DEVICE_FAMILY = "1,2";
				TEST_HOST = "$(BUILT_PRODUCTS_DIR)/CodeTestForIView.app/$(BUNDLE_EXECUTABLE_FOLDER_PATH)/CodeTestForIView";
			};
			name = Release;
		};
		22CDD1C52D72545C00D2759F /* Debug */ = {
			isa = XCBuildConfiguration;
			buildSettings = {
				CODE_SIGN_STYLE = Automatic;
				CURRENT_PROJECT_VERSION = 1;
				DEVELOPMENT_TEAM = DXL5PNKGFP;
				GENERATE_INFOPLIST_FILE = YES;
				MARKETING_VERSION = 1.0;
				PRODUCT_BUNDLE_IDENTIFIER = au.com.matrixthoughts.CodeTestForIViewUITests;
				PRODUCT_NAME = "$(TARGET_NAME)";
				SWIFT_EMIT_LOC_STRINGS = NO;
				SWIFT_VERSION = 5.0;
				TARGETED_DEVICE_FAMILY = "1,2";
				TEST_TARGET_NAME = CodeTestForIView;
			};
			name = Debug;
		};
		22CDD1C62D72545C00D2759F /* Release */ = {
			isa = XCBuildConfiguration;
			buildSettings = {
				CODE_SIGN_STYLE = Automatic;
				CURRENT_PROJECT_VERSION = 1;
				DEVELOPMENT_TEAM = DXL5PNKGFP;
				GENERATE_INFOPLIST_FILE = YES;
				MARKETING_VERSION = 1.0;
				PRODUCT_BUNDLE_IDENTIFIER = au.com.matrixthoughts.CodeTestForIViewUITests;
				PRODUCT_NAME = "$(TARGET_NAME)";
				SWIFT_EMIT_LOC_STRINGS = NO;
				SWIFT_VERSION = 5.0;
				TARGETED_DEVICE_FAMILY = "1,2";
				TEST_TARGET_NAME = CodeTestForIView;
			};
			name = Release;
		};
/* End XCBuildConfiguration section */

/* Begin XCConfigurationList section */
		22CDD1952D72545B00D2759F /* Build configuration list for PBXProject "CodeTestForIView" */ = {
			isa = XCConfigurationList;
			buildConfigurations = (
				22CDD1BC2D72545C00D2759F /* Debug */,
				22CDD1BD2D72545C00D2759F /* Release */,
			);
			defaultConfigurationIsVisible = 0;
			defaultConfigurationName = Release;
		};
		22CDD1BE2D72545C00D2759F /* Build configuration list for PBXNativeTarget "CodeTestForIView" */ = {
			isa = XCConfigurationList;
			buildConfigurations = (
				22CDD1BF2D72545C00D2759F /* Debug */,
				22CDD1C02D72545C00D2759F /* Release */,
			);
			defaultConfigurationIsVisible = 0;
			defaultConfigurationName = Release;
		};
		22CDD1C12D72545C00D2759F /* Build configuration list for PBXNativeTarget "CodeTestForIViewTests" */ = {
			isa = XCConfigurationList;
			buildConfigurations = (
				22CDD1C22D72545C00D2759F /* Debug */,
				22CDD1C32D72545C00D2759F /* Release */,
			);
			defaultConfigurationIsVisible = 0;
			defaultConfigurationName = Release;
		};
		22CDD1C42D72545C00D2759F /* Build configuration list for PBXNativeTarget "CodeTestForIViewUITests" */ = {
			isa = XCConfigurationList;
			buildConfigurations = (
				22CDD1C52D72545C00D2759F /* Debug */,
				22CDD1C62D72545C00D2759F /* Release */,
			);
			defaultConfigurationIsVisible = 0;
			defaultConfigurationName = Release;
		};
/* End XCConfigurationList section */
	};
	rootObject = 22CDD1922D72545B00D2759F /* Project object */;
}
